// !$*UTF8*$!
{
	archiveVersion = 1;
	classes = {
	};
	objectVersion = 56;
	objects = {

/* Begin PBXBuildFile section */
		281DA0AB2A1FA464009CCBD9 /* GameView.swift in Sources */ = {isa = PBXBuildFile; fileRef = 281DA0AA2A1FA464009CCBD9 /* GameView.swift */; };
		284EE3F12A1BAFC00022DB29 /* TicTacToe_swiftAppApp.swift in Sources */ = {isa = PBXBuildFile; fileRef = 284EE3F02A1BAFC00022DB29 /* TicTacToe_swiftAppApp.swift */; };
		284EE3F32A1BAFC00022DB29 /* StartView.swift in Sources */ = {isa = PBXBuildFile; fileRef = 284EE3F22A1BAFC00022DB29 /* StartView.swift */; };
		284EE3F52A1BAFC10022DB29 /* Assets.xcassets in Resources */ = {isa = PBXBuildFile; fileRef = 284EE3F42A1BAFC10022DB29 /* Assets.xcassets */; };
		284EE3F82A1BAFC10022DB29 /* Preview Assets.xcassets in Resources */ = {isa = PBXBuildFile; fileRef = 284EE3F72A1BAFC10022DB29 /* Preview Assets.xcassets */; };
		284EE3FF2A1BB2080022DB29 /* LaunchScreen.storyboard in Resources */ = {isa = PBXBuildFile; fileRef = 284EE3FE2A1BB2080022DB29 /* LaunchScreen.storyboard */; };
		284EE4022A1BB48F0022DB29 /* GameModels.swift in Sources */ = {isa = PBXBuildFile; fileRef = 284EE4012A1BB48F0022DB29 /* GameModels.swift */; };
		287065172A2A52B800FEAF3D /* GameSquare.swift in Sources */ = {isa = PBXBuildFile; fileRef = 287065162A2A52B800FEAF3D /* GameSquare.swift */; };
		287065192A2A59BD00FEAF3D /* SquareView.swift in Sources */ = {isa = PBXBuildFile; fileRef = 287065182A2A59BD00FEAF3D /* SquareView.swift */; };
		2883C7492A1E444F002AB549 /* ViewModifier.swift in Sources */ = {isa = PBXBuildFile; fileRef = 2883C7482A1E444F002AB549 /* ViewModifier.swift */; };
		28904B042A2F922A000567D7 /* yourNameView.swift in Sources */ = {isa = PBXBuildFile; fileRef = 28904B032A2F922A000567D7 /* yourNameView.swift */; };
		28952A432A26710E00D51C6F /* GameService.swift in Sources */ = {isa = PBXBuildFile; fileRef = 28952A422A26710E00D51C6F /* GameService.swift */; };
/* End PBXBuildFile section */

/* Begin PBXFileReference section */
		281DA0AA2A1FA464009CCBD9 /* GameView.swift */ = {isa = PBXFileReference; lastKnownFileType = sourcecode.swift; path = GameView.swift; sourceTree = "<group>"; };
		284EE3ED2A1BAFC00022DB29 /* TicTacToe-swiftApp.app */ = {isa = PBXFileReference; explicitFileType = wrapper.application; includeInIndex = 0; path = "TicTacToe-swiftApp.app"; sourceTree = BUILT_PRODUCTS_DIR; };
		284EE3F02A1BAFC00022DB29 /* TicTacToe_swiftAppApp.swift */ = {isa = PBXFileReference; lastKnownFileType = sourcecode.swift; path = TicTacToe_swiftAppApp.swift; sourceTree = "<group>"; };
		284EE3F22A1BAFC00022DB29 /* StartView.swift */ = {isa = PBXFileReference; lastKnownFileType = sourcecode.swift; path = StartView.swift; sourceTree = "<group>"; };
		284EE3F42A1BAFC10022DB29 /* Assets.xcassets */ = {isa = PBXFileReference; lastKnownFileType = folder.assetcatalog; path = Assets.xcassets; sourceTree = "<group>"; };
		284EE3F72A1BAFC10022DB29 /* Preview Assets.xcassets */ = {isa = PBXFileReference; lastKnownFileType = folder.assetcatalog; path = "Preview Assets.xcassets"; sourceTree = "<group>"; };
		284EE3FE2A1BB2080022DB29 /* LaunchScreen.storyboard */ = {isa = PBXFileReference; lastKnownFileType = file.storyboard; path = LaunchScreen.storyboard; sourceTree = "<group>"; };
		284EE4012A1BB48F0022DB29 /* GameModels.swift */ = {isa = PBXFileReference; lastKnownFileType = sourcecode.swift; path = GameModels.swift; sourceTree = "<group>"; };
		287065162A2A52B800FEAF3D /* GameSquare.swift */ = {isa = PBXFileReference; lastKnownFileType = sourcecode.swift; path = GameSquare.swift; sourceTree = "<group>"; };
		287065182A2A59BD00FEAF3D /* SquareView.swift */ = {isa = PBXFileReference; lastKnownFileType = sourcecode.swift; path = SquareView.swift; sourceTree = "<group>"; };
		2883C7482A1E444F002AB549 /* ViewModifier.swift */ = {isa = PBXFileReference; lastKnownFileType = sourcecode.swift; path = ViewModifier.swift; sourceTree = "<group>"; };
		28904B032A2F922A000567D7 /* yourNameView.swift */ = {isa = PBXFileReference; lastKnownFileType = sourcecode.swift; path = yourNameView.swift; sourceTree = "<group>"; };
		28952A422A26710E00D51C6F /* GameService.swift */ = {isa = PBXFileReference; lastKnownFileType = sourcecode.swift; path = GameService.swift; sourceTree = "<group>"; };
/* End PBXFileReference section */

/* Begin PBXFrameworksBuildPhase section */
		284EE3EA2A1BAFC00022DB29 /* Frameworks */ = {
			isa = PBXFrameworksBuildPhase;
			buildActionMask = 2147483647;
			files = (
			);
			runOnlyForDeploymentPostprocessing = 0;
		};
/* End PBXFrameworksBuildPhase section */

/* Begin PBXGroup section */
		281DA0A72A1FA441009CCBD9 /* Views */ = {
			isa = PBXGroup;
			children = (
				281DA0AA2A1FA464009CCBD9 /* GameView.swift */,
				28952A422A26710E00D51C6F /* GameService.swift */,
				287065182A2A59BD00FEAF3D /* SquareView.swift */,
				287065162A2A52B800FEAF3D /* GameSquare.swift */,
				28904B032A2F922A000567D7 /* yourNameView.swift */,
			);
			path = Views;
			sourceTree = "<group>";
		};
		284EE3E42A1BAFC00022DB29 = {
			isa = PBXGroup;
			children = (
				284EE3EF2A1BAFC00022DB29 /* TicTacToe-swiftApp */,
				284EE3EE2A1BAFC00022DB29 /* Products */,
			);
			sourceTree = "<group>";
		};
		284EE3EE2A1BAFC00022DB29 /* Products */ = {
			isa = PBXGroup;
			children = (
				284EE3ED2A1BAFC00022DB29 /* TicTacToe-swiftApp.app */,
			);
			name = Products;
			sourceTree = "<group>";
		};
		284EE3EF2A1BAFC00022DB29 /* TicTacToe-swiftApp */ = {
			isa = PBXGroup;
			children = (
				284EE3F02A1BAFC00022DB29 /* TicTacToe_swiftAppApp.swift */,
				284EE3F22A1BAFC00022DB29 /* StartView.swift */,
				281DA0A72A1FA441009CCBD9 /* Views */,
				2883C7472A1E4431002AB549 /* Utilities */,
				284EE4002A1BB45F0022DB29 /* Models */,
				284EE3FE2A1BB2080022DB29 /* LaunchScreen.storyboard */,
				284EE3F42A1BAFC10022DB29 /* Assets.xcassets */,
				284EE3F62A1BAFC10022DB29 /* Preview Content */,
			);
			path = "TicTacToe-swiftApp";
			sourceTree = "<group>";
		};
		284EE3F62A1BAFC10022DB29 /* Preview Content */ = {
			isa = PBXGroup;
			children = (
				284EE3F72A1BAFC10022DB29 /* Preview Assets.xcassets */,
			);
			path = "Preview Content";
			sourceTree = "<group>";
		};
		284EE4002A1BB45F0022DB29 /* Models */ = {
			isa = PBXGroup;
			children = (
				284EE4012A1BB48F0022DB29 /* GameModels.swift */,
			);
			path = Models;
			sourceTree = "<group>";
		};
		2883C7472A1E4431002AB549 /* Utilities */ = {
			isa = PBXGroup;
			children = (
				2883C7482A1E444F002AB549 /* ViewModifier.swift */,
			);
			path = Utilities;
			sourceTree = "<group>";
		};
/* End PBXGroup section */

/* Begin PBXNativeTarget section */
		284EE3EC2A1BAFC00022DB29 /* TicTacToe-swiftApp */ = {
			isa = PBXNativeTarget;
			buildConfigurationList = 284EE3FB2A1BAFC10022DB29 /* Build configuration list for PBXNativeTarget "TicTacToe-swiftApp" */;
			buildPhases = (
				284EE3E92A1BAFC00022DB29 /* Sources */,
				284EE3EA2A1BAFC00022DB29 /* Frameworks */,
				284EE3EB2A1BAFC00022DB29 /* Resources */,
			);
			buildRules = (
			);
			dependencies = (
			);
			name = "TicTacToe-swiftApp";
			productName = "TicTacToe-swiftApp";
			productReference = 284EE3ED2A1BAFC00022DB29 /* TicTacToe-swiftApp.app */;
			productType = "com.apple.product-type.application";
		};
/* End PBXNativeTarget section */

/* Begin PBXProject section */
		284EE3E52A1BAFC00022DB29 /* Project object */ = {
			isa = PBXProject;
			attributes = {
				BuildIndependentTargetsInParallel = 1;
				LastSwiftUpdateCheck = 1430;
				LastUpgradeCheck = 1430;
				TargetAttributes = {
					284EE3EC2A1BAFC00022DB29 = {
						CreatedOnToolsVersion = 14.3;
					};
				};
			};
			buildConfigurationList = 284EE3E82A1BAFC00022DB29 /* Build configuration list for PBXProject "TicTacToe-swiftApp" */;
			compatibilityVersion = "Xcode 14.0";
			developmentRegion = en;
			hasScannedForEncodings = 0;
			knownRegions = (
				en,
				Base,
			);
			mainGroup = 284EE3E42A1BAFC00022DB29;
			productRefGroup = 284EE3EE2A1BAFC00022DB29 /* Products */;
			projectDirPath = "";
			projectRoot = "";
			targets = (
				284EE3EC2A1BAFC00022DB29 /* TicTacToe-swiftApp */,
			);
		};
/* End PBXProject section */

/* Begin PBXResourcesBuildPhase section */
		284EE3EB2A1BAFC00022DB29 /* Resources */ = {
			isa = PBXResourcesBuildPhase;
			buildActionMask = 2147483647;
			files = (
				284EE3FF2A1BB2080022DB29 /* LaunchScreen.storyboard in Resources */,
				284EE3F82A1BAFC10022DB29 /* Preview Assets.xcassets in Resources */,
				284EE3F52A1BAFC10022DB29 /* Assets.xcassets in Resources */,
			);
			runOnlyForDeploymentPostprocessing = 0;
		};
/* End PBXResourcesBuildPhase section */

/* Begin PBXSourcesBuildPhase section */
		284EE3E92A1BAFC00022DB29 /* Sources */ = {
			isa = PBXSourcesBuildPhase;
			buildActionMask = 2147483647;
			files = (
				284EE3F32A1BAFC00022DB29 /* StartView.swift in Sources */,
				284EE4022A1BB48F0022DB29 /* GameModels.swift in Sources */,
				284EE3F12A1BAFC00022DB29 /* TicTacToe_swiftAppApp.swift in Sources */,
				28952A432A26710E00D51C6F /* GameService.swift in Sources */,
				2883C7492A1E444F002AB549 /* ViewModifier.swift in Sources */,
				281DA0AB2A1FA464009CCBD9 /* GameView.swift in Sources */,
				28904B042A2F922A000567D7 /* yourNameView.swift in Sources */,
				287065172A2A52B800FEAF3D /* GameSquare.swift in Sources */,
				287065192A2A59BD00FEAF3D /* SquareView.swift in Sources */,
			);
			runOnlyForDeploymentPostprocessing = 0;
		};
/* End PBXSourcesBuildPhase section */

/* Begin XCBuildConfiguration section */
		284EE3F92A1BAFC10022DB29 /* Debug */ = {
			isa = XCBuildConfiguration;
			buildSettings = {
				ALWAYS_SEARCH_USER_PATHS = NO;
				CLANG_ANALYZER_NONNULL = YES;
				CLANG_ANALYZER_NUMBER_OBJECT_CONVERSION = YES_AGGRESSIVE;
				CLANG_CXX_LANGUAGE_STANDARD = "gnu++20";
				CLANG_ENABLE_MODULES = YES;
				CLANG_ENABLE_OBJC_ARC = YES;
				CLANG_ENABLE_OBJC_WEAK = YES;
				CLANG_WARN_BLOCK_CAPTURE_AUTORELEASING = YES;
				CLANG_WARN_BOOL_CONVERSION = YES;
				CLANG_WARN_COMMA = YES;
				CLANG_WARN_CONSTANT_CONVERSION = YES;
				CLANG_WARN_DEPRECATED_OBJC_IMPLEMENTATIONS = YES;
				CLANG_WARN_DIRECT_OBJC_ISA_USAGE = YES_ERROR;
				CLANG_WARN_DOCUMENTATION_COMMENTS = YES;
				CLANG_WARN_EMPTY_BODY = YES;
				CLANG_WARN_ENUM_CONVERSION = YES;
				CLANG_WARN_INFINITE_RECURSION = YES;
				CLANG_WARN_INT_CONVERSION = YES;
				CLANG_WARN_NON_LITERAL_NULL_CONVERSION = YES;
				CLANG_WARN_OBJC_IMPLICIT_RETAIN_SELF = YES;
				CLANG_WARN_OBJC_LITERAL_CONVERSION = YES;
				CLANG_WARN_OBJC_ROOT_CLASS = YES_ERROR;
				CLANG_WARN_QUOTED_INCLUDE_IN_FRAMEWORK_HEADER = YES;
				CLANG_WARN_RANGE_LOOP_ANALYSIS = YES;
				CLANG_WARN_STRICT_PROTOTYPES = YES;
				CLANG_WARN_SUSPICIOUS_MOVE = YES;
				CLANG_WARN_UNGUARDED_AVAILABILITY = YES_AGGRESSIVE;
				CLANG_WARN_UNREACHABLE_CODE = YES;
				CLANG_WARN__DUPLICATE_METHOD_MATCH = YES;
				COPY_PHASE_STRIP = NO;
				DEBUG_INFORMATION_FORMAT = dwarf;
				ENABLE_STRICT_OBJC_MSGSEND = YES;
				ENABLE_TESTABILITY = YES;
				GCC_C_LANGUAGE_STANDARD = gnu11;
				GCC_DYNAMIC_NO_PIC = NO;
				GCC_NO_COMMON_BLOCKS = YES;
				GCC_OPTIMIZATION_LEVEL = 0;
				GCC_PREPROCESSOR_DEFINITIONS = (
					"DEBUG=1",
					"$(inherited)",
				);
				GCC_WARN_64_TO_32_BIT_CONVERSION = YES;
				GCC_WARN_ABOUT_RETURN_TYPE = YES_ERROR;
				GCC_WARN_UNDECLARED_SELECTOR = YES;
				GCC_WARN_UNINITIALIZED_AUTOS = YES_AGGRESSIVE;
				GCC_WARN_UNUSED_FUNCTION = YES;
				GCC_WARN_UNUSED_VARIABLE = YES;
				IPHONEOS_DEPLOYMENT_TARGET = 15.0;
				MTL_ENABLE_DEBUG_INFO = INCLUDE_SOURCE;
				MTL_FAST_MATH = YES;
				ONLY_ACTIVE_ARCH = YES;
				SDKROOT = iphoneos;
				SWIFT_ACTIVE_COMPILATION_CONDITIONS = DEBUG;
				SWIFT_OPTIMIZATION_LEVEL = "-Onone";
			};
			name = Debug;
		};
		284EE3FA2A1BAFC10022DB29 /* Release */ = {
			isa = XCBuildConfiguration;
			buildSettings = {
				ALWAYS_SEARCH_USER_PATHS = NO;
				CLANG_ANALYZER_NONNULL = YES;
				CLANG_ANALYZER_NUMBER_OBJECT_CONVERSION = YES_AGGRESSIVE;
				CLANG_CXX_LANGUAGE_STANDARD = "gnu++20";
				CLANG_ENABLE_MODULES = YES;
				CLANG_ENABLE_OBJC_ARC = YES;
				CLANG_ENABLE_OBJC_WEAK = YES;
				CLANG_WARN_BLOCK_CAPTURE_AUTORELEASING = YES;
				CLANG_WARN_BOOL_CONVERSION = YES;
				CLANG_WARN_COMMA = YES;
				CLANG_WARN_CONSTANT_CONVERSION = YES;
				CLANG_WARN_DEPRECATED_OBJC_IMPLEMENTATIONS = YES;
				CLANG_WARN_DIRECT_OBJC_ISA_USAGE = YES_ERROR;
				CLANG_WARN_DOCUMENTATION_COMMENTS = YES;
				CLANG_WARN_EMPTY_BODY = YES;
				CLANG_WARN_ENUM_CONVERSION = YES;
				CLANG_WARN_INFINITE_RECURSION = YES;
				CLANG_WARN_INT_CONVERSION = YES;
				CLANG_WARN_NON_LITERAL_NULL_CONVERSION = YES;
				CLANG_WARN_OBJC_IMPLICIT_RETAIN_SELF = YES;
				CLANG_WARN_OBJC_LITERAL_CONVERSION = YES;
				CLANG_WARN_OBJC_ROOT_CLASS = YES_ERROR;
				CLANG_WARN_QUOTED_INCLUDE_IN_FRAMEWORK_HEADER = YES;
				CLANG_WARN_RANGE_LOOP_ANALYSIS = YES;
				CLANG_WARN_STRICT_PROTOTYPES = YES;
				CLANG_WARN_SUSPICIOUS_MOVE = YES;
				CLANG_WARN_UNGUARDED_AVAILABILITY = YES_AGGRESSIVE;
				CLANG_WARN_UNREACHABLE_CODE = YES;
				CLANG_WARN__DUPLICATE_METHOD_MATCH = YES;
				COPY_PHASE_STRIP = NO;
				DEBUG_INFORMATION_FORMAT = "dwarf-with-dsym";
				ENABLE_NS_ASSERTIONS = NO;
				ENABLE_STRICT_OBJC_MSGSEND = YES;
				GCC_C_LANGUAGE_STANDARD = gnu11;
				GCC_NO_COMMON_BLOCKS = YES;
				GCC_WARN_64_TO_32_BIT_CONVERSION = YES;
				GCC_WARN_ABOUT_RETURN_TYPE = YES_ERROR;
				GCC_WARN_UNDECLARED_SELECTOR = YES;
				GCC_WARN_UNINITIALIZED_AUTOS = YES_AGGRESSIVE;
				GCC_WARN_UNUSED_FUNCTION = YES;
				GCC_WARN_UNUSED_VARIABLE = YES;
				IPHONEOS_DEPLOYMENT_TARGET = 15.0;
				MTL_ENABLE_DEBUG_INFO = NO;
				MTL_FAST_MATH = YES;
				SDKROOT = iphoneos;
				SWIFT_COMPILATION_MODE = wholemodule;
				SWIFT_OPTIMIZATION_LEVEL = "-O";
				VALIDATE_PRODUCT = YES;
			};
			name = Release;
		};
		284EE3FC2A1BAFC10022DB29 /* Debug */ = {
			isa = XCBuildConfiguration;
			buildSettings = {
				ASSETCATALOG_COMPILER_APPICON_NAME = AppIcon;
				ASSETCATALOG_COMPILER_GLOBAL_ACCENT_COLOR_NAME = AccentColor;
				CODE_SIGN_STYLE = Automatic;
				CURRENT_PROJECT_VERSION = 1;
				DEVELOPMENT_ASSET_PATHS = "\"TicTacToe-swiftApp/Preview Content\"";
				DEVELOPMENT_TEAM = UB5K24CGD9;
				ENABLE_PREVIEWS = YES;
				GENERATE_INFOPLIST_FILE = YES;
				INFOPLIST_KEY_UIApplicationSceneManifest_Generation = YES;
				INFOPLIST_KEY_UIApplicationSupportsIndirectInputEvents = YES;
				INFOPLIST_KEY_UILaunchScreen_Generation = YES;
				INFOPLIST_KEY_UILaunchStoryboardName = LaunchScreen.storyboard;
				INFOPLIST_KEY_UISupportedInterfaceOrientations = UIInterfaceOrientationPortrait;
				INFOPLIST_KEY_UISupportedInterfaceOrientations_iPad = "UIInterfaceOrientationLandscapeLeft UIInterfaceOrientationLandscapeRight UIInterfaceOrientationPortrait UIInterfaceOrientationPortraitUpsideDown";
				IPHONEOS_DEPLOYMENT_TARGET = 15.0;
				LD_RUNPATH_SEARCH_PATHS = (
					"$(inherited)",
					"@executable_path/Frameworks",
				);
				MARKETING_VERSION = 1.0;
				PRODUCT_BUNDLE_IDENTIFIER = "com.sayor.TicTacToe-swiftApp";
				PRODUCT_NAME = "$(TARGET_NAME)";
				SWIFT_EMIT_LOC_STRINGS = YES;
				SWIFT_VERSION = 5.0;
				TARGETED_DEVICE_FAMILY = "1,2";
			};
			name = Debug;
		};
		284EE3FD2A1BAFC10022DB29 /* Release */ = {
			isa = XCBuildConfiguration;
			buildSettings = {
				ASSETCATALOG_COMPILER_APPICON_NAME = AppIcon;
				ASSETCATALOG_COMPILER_GLOBAL_ACCENT_COLOR_NAME = AccentColor;
				CODE_SIGN_STYLE = Automatic;
				CURRENT_PROJECT_VERSION = 1;
				DEVELOPMENT_ASSET_PATHS = "\"TicTacToe-swiftApp/Preview Content\"";
				DEVELOPMENT_TEAM = UB5K24CGD9;
				ENABLE_PREVIEWS = YES;
				GENERATE_INFOPLIST_FILE = YES;
				INFOPLIST_KEY_UIApplicationSceneManifest_Generation = YES;
				INFOPLIST_KEY_UIApplicationSupportsIndirectInputEvents = YES;
				INFOPLIST_KEY_UILaunchScreen_Generation = YES;
				INFOPLIST_KEY_UILaunchStoryboardName = LaunchScreen.storyboard;
				INFOPLIST_KEY_UISupportedInterfaceOrientations = UIInterfaceOrientationPortrait;
				INFOPLIST_KEY_UISupportedInterfaceOrientations_iPad = "UIInterfaceOrientationLandscapeLeft UIInterfaceOrientationLandscapeRight UIInterfaceOrientationPortrait UIInterfaceOrientationPortraitUpsideDown";
				IPHONEOS_DEPLOYMENT_TARGET = 15.0;
				LD_RUNPATH_SEARCH_PATHS = (
					"$(inherited)",
					"@executable_path/Frameworks",
				);
				MARKETING_VERSION = 1.0;
				PRODUCT_BUNDLE_IDENTIFIER = "com.sayor.TicTacToe-swiftApp";
				PRODUCT_NAME = "$(TARGET_NAME)";
				SWIFT_EMIT_LOC_STRINGS = YES;
				SWIFT_VERSION = 5.0;
				TARGETED_DEVICE_FAMILY = "1,2";
			};
			name = Release;
		};
/* End XCBuildConfiguration section */

/* Begin XCConfigurationList section */
		284EE3E82A1BAFC00022DB29 /* Build configuration list for PBXProject "TicTacToe-swiftApp" */ = {
			isa = XCConfigurationList;
			buildConfigurations = (
				284EE3F92A1BAFC10022DB29 /* Debug */,
				284EE3FA2A1BAFC10022DB29 /* Release */,
			);
			defaultConfigurationIsVisible = 0;
			defaultConfigurationName = Release;
		};
		284EE3FB2A1BAFC10022DB29 /* Build configuration list for PBXNativeTarget "TicTacToe-swiftApp" */ = {
			isa = XCConfigurationList;
			buildConfigurations = (
				284EE3FC2A1BAFC10022DB29 /* Debug */,
				284EE3FD2A1BAFC10022DB29 /* Release */,
			);
			defaultConfigurationIsVisible = 0;
			defaultConfigurationName = Release;
		};
/* End XCConfigurationList section */
	};
	rootObject = 284EE3E52A1BAFC00022DB29 /* Project object */;
}
